
Microsoft Visual Studio Solution File, Format Version 12.00
# Visual Studio Version 17
VisualStudioVersion = 17.3.32929.385
MinimumVisualStudioVersion = 10.0.40219.1
Project("{FAE04EC0-301F-11D3-BF4B-00C04F79EFBC}") = "BookStore", "BookStore.csproj", "{E293731E-3410-4AC8-93DA-E88AAD99E73E}"
EndProject
Global
	GlobalSection(SolutionConfigurationPlatforms) = preSolution
		Debug|Any CPU = Debug|Any CPU
		Release|Any CPU = Release|Any CPU
	EndGlobalSection
	GlobalSection(ProjectConfigurationPlatforms) = postSolution
		{E293731E-3410-4AC8-93DA-E88AAD99E73E}.Debug|Any CPU.ActiveCfg = Debug|Any CPU
		{E293731E-3410-4AC8-93DA-E88AAD99E73E}.Debug|Any CPU.Build.0 = Debug|Any CPU
		{E293731E-3410-4AC8-93DA-E88AAD99E73E}.Release|Any CPU.ActiveCfg = Release|Any CPU
		{E293731E-3410-4AC8-93DA-E88AAD99E73E}.Release|Any CPU.Build.0 = Release|Any CPU
	EndGlobalSection
	GlobalSection(SolutionProperties) = preSolution
		HideSolutionNode = FALSE
	EndGlobalSection
	GlobalSection(ExtensibilityGlobals) = postSolution
		SolutionGuid = {C1F9AE03-7B76-49AC-982A-6AC65715A03B}
	EndGlobalSection
EndGlobal
